
Microsoft Visual Studio Solution File, Format Version 12.00
# Visual Studio 15
VisualStudioVersion = 15.0.28307.572
MinimumVisualStudioVersion = 10.0.40219.1
Project("{FAE04EC0-301F-11D3-BF4B-00C04F79EFBC}") = "MultiLang", "MultiLang\MultiLang.csproj", "{F6780D36-7B8B-4CD3-A45A-A7FD33233CB9}"
EndProject
Project("{FAE04EC0-301F-11D3-BF4B-00C04F79EFBC}") = "ProShop", "..\..\Ecommerce\ProShop\ProShop.csproj", "{98CDCCDB-43E1-48E1-98E6-5894BB8454BA}"
EndProject
Global
	GlobalSection(SolutionConfigurationPlatforms) = preSolution
		Debug|Any CPU = Debug|Any CPU
		Release|Any CPU = Release|Any CPU
	EndGlobalSection
	GlobalSection(ProjectConfigurationPlatforms) = postSolution
		{F6780D36-7B8B-4CD3-A45A-A7FD33233CB9}.Debug|Any CPU.ActiveCfg = Debug|Any CPU
		{F6780D36-7B8B-4CD3-A45A-A7FD33233CB9}.Debug|Any CPU.Build.0 = Debug|Any CPU
		{F6780D36-7B8B-4CD3-A45A-A7FD33233CB9}.Release|Any CPU.ActiveCfg = Release|Any CPU
		{F6780D36-7B8B-4CD3-A45A-A7FD33233CB9}.Release|Any CPU.Build.0 = Release|Any CPU
		{98CDCCDB-43E1-48E1-98E6-5894BB8454BA}.Debug|Any CPU.ActiveCfg = Debug|Any CPU
		{98CDCCDB-43E1-48E1-98E6-5894BB8454BA}.Debug|Any CPU.Build.0 = Debug|Any CPU
		{98CDCCDB-43E1-48E1-98E6-5894BB8454BA}.Release|Any CPU.ActiveCfg = Release|Any CPU
		{98CDCCDB-43E1-48E1-98E6-5894BB8454BA}.Release|Any CPU.Build.0 = Release|Any CPU
	EndGlobalSection
	GlobalSection(SolutionProperties) = preSolution
		HideSolutionNode = FALSE
	EndGlobalSection
	GlobalSection(ExtensibilityGlobals) = postSolution
		SolutionGuid = {849B4492-A4A5-4B1E-B19E-84AA689686AF}
	EndGlobalSection
EndGlobal
